
Microsoft Visual Studio Solution File, Format Version 12.00
# Visual Studio Version 17
VisualStudioVersion = 17.5.33502.453
MinimumVisualStudioVersion = 10.0.40219.1
Project("{F184B08F-C81C-45F6-A57F-5ABD9991F28F}") = "AddTwoNumbersProgram", "AddTwoNumbersProgram\AddTwoNumbersProgram.vbproj", "{F4708B2F-F273-411C-A5C7-82D48CC9C6D5}"
EndProject
Global
	GlobalSection(SolutionConfigurationPlatforms) = preSolution
		Debug|Any CPU = Debug|Any CPU
		Release|Any CPU = Release|Any CPU
	EndGlobalSection
	GlobalSection(ProjectConfigurationPlatforms) = postSolution
		{F4708B2F-F273-411C-A5C7-82D48CC9C6D5}.Debug|Any CPU.ActiveCfg = Debug|Any CPU
		{F4708B2F-F273-411C-A5C7-82D48CC9C6D5}.Debug|Any CPU.Build.0 = Debug|Any CPU
		{F4708B2F-F273-411C-A5C7-82D48CC9C6D5}.Release|Any CPU.ActiveCfg = Release|Any CPU
		{F4708B2F-F273-411C-A5C7-82D48CC9C6D5}.Release|Any CPU.Build.0 = Release|Any CPU
	EndGlobalSection
	GlobalSection(SolutionProperties) = preSolution
		HideSolutionNode = FALSE
	EndGlobalSection
	GlobalSection(ExtensibilityGlobals) = postSolution
		SolutionGuid = {3961913C-6A50-4CAF-8321-53556CB0A201}
	EndGlobalSection
EndGlobal
